# THIS IS AN AUTOGENERATED FILE. DO NOT EDIT THIS FILE DIRECTLY.
# yarn lockfile v1


"@openzeppelin/contracts@^4.8.0":
  "integrity" "sha512-AGuwhRRL+NaKx73WKRNzeCxOCOCxpaqF+kp8TJ89QzAipSwZy/NoflkWaL9bywXFRhIzXt8j38sfF7KBKCPWLw=="
  "resolved" "https://registry.npmjs.org/@openzeppelin/contracts/-/contracts-4.8.0.tgz"
  "version" "4.8.0"

"yarn@file:.3.2":
  "resolved" "file:.3.2"
